PODS:
  - BUKPhotoBrowser (1.1.0):
    - SDWebImage (~> 4.0)
  - SDWebImage (4.0.0):
    - SDWebImage/Core (= 4.0.0)
  - SDWebImage/Core (4.0.0)

DEPENDENCIES:
  - BUKPhotoBrowser (from `../`)

EXTERNAL SOURCES:
  BUKPhotoBrowser:
    :path: "../"

SPEC CHECKSUMS:
  BUKPhotoBrowser: 80433f2913bb44e4eda38389b8a20e68ca2a6e55
  SDWebImage: 76a6348bdc74eb5a55dd08a091ef298e56b55e41

PODFILE CHECKSUM: 0a310dfe5f209112d8f527a11b6262f27f850c43

COCOAPODS: 1.2.1
