PODS:
  - BUKPhotoBrowser (1.0.2):
    - SDWebImage (~> 3.7)
  - SDWebImage (3.7.2):
    - SDWebImage/Core (= 3.7.2)
  - SDWebImage/Core (3.7.2)

DEPENDENCIES:
  - BUKPhotoBrowser (from `../`)

EXTERNAL SOURCES:
  BUKPhotoBrowser:
    :path: "../"

SPEC CHECKSUMS:
  BUKPhotoBrowser: a8bbd0d684a76db21482d05fa036d3b2d0d8e9b9
  SDWebImage: 71b7cdc1d1721d6a82ed62889030225f2c249e29

PODFILE CHECKSUM: 0a310dfe5f209112d8f527a11b6262f27f850c43

COCOAPODS: 1.2.1
